{
  "nodes": {
    "disko": {
      "inputs": {
        "nixpkgs": [
          "nixpkgs"
        ]
      },
      "locked": {
        "lastModified": 1710169806,
        "narHash": "sha256-HeWFrRuHpnAiPmIr26OKl2g142HuGerwoO/XtW53pcI=",
        "owner": "nix-community",
        "repo": "disko",
        "rev": "fe064a639319ed61cdf12b8f6eded9523abcc498",
        "type": "github"
      },
      "original": {
        "owner": "nix-community",
        "repo": "disko",
        "type": "github"
      }
    },
    "impermanence": {
      "locked": {
        "lastModified": 1708968331,
        "narHash": "sha256-VUXLaPusCBvwM3zhGbRIJVeYluh2uWuqtj4WirQ1L9Y=",
        "owner": "nix-community",
        "repo": "impermanence",
        "rev": "a33ef102a02ce77d3e39c25197664b7a636f9c30",
        "type": "github"
      },
      "original": {
        "owner": "nix-community",
        "repo": "impermanence",
        "type": "github"
      }
    },
    "nixlib": {
      "locked": {
        "lastModified": 1709426687,
        "narHash": "sha256-jLBZmwXf0WYHzLkmEMq33bqhX55YtT5edvluFr0RcSA=",
        "owner": "nix-community",
        "repo": "nixpkgs.lib",
        "rev": "7873d84a89ae6e4841528ff7f5697ddcb5bdfe6c",
        "type": "github"
      },
      "original": {
        "owner": "nix-community",
        "repo": "nixpkgs.lib",
        "type": "github"
      }
    },
    "nixos-generators": {
      "inputs": {
        "nixlib": "nixlib",
        "nixpkgs": [
          "nixpkgs"
        ]
      },
      "locked": {
        "lastModified": 1710164763,
        "narHash": "sha256-6p7yebSjzrL8qK4Q0gx2RnsxaudGUQcgkSxFG/J265Y=",
        "owner": "nix-community",
        "repo": "nixos-generators",
        "rev": "1d9c8cd24eba7942955f92fdcefba5a6a7543bc6",
        "type": "github"
      },
      "original": {
        "owner": "nix-community",
        "repo": "nixos-generators",
        "type": "github"
      }
    },
    "nixpkgs": {
      "locked": {
        "lastModified": 1710272261,
        "narHash": "sha256-g0bDwXFmTE7uGDOs9HcJsfLFhH7fOsASbAuOzDC+fhQ=",
        "owner": "nixos",
        "repo": "nixpkgs",
        "rev": "0ad13a6833440b8e238947e47bea7f11071dc2b2",
        "type": "github"
      },
      "original": {
        "owner": "nixos",
        "ref": "nixos-unstable",
        "repo": "nixpkgs",
        "type": "github"
      }
    },
    "nixpkgs-stable": {
      "locked": {
        "lastModified": 1710162809,
        "narHash": "sha256-i2R2bcnQp+85de67yjgZVvJhd6rRnJbSYNpGmB6Leb8=",
        "owner": "nixos",
        "repo": "nixpkgs",
        "rev": "ddcd7598b2184008c97e6c9c6a21c5f37590b8d2",
        "type": "github"
      },
      "original": {
        "owner": "nixos",
        "ref": "nixos-23.11",
        "repo": "nixpkgs",
        "type": "github"
      }
    },
    "nixpkgs-stable_2": {
      "locked": {
        "lastModified": 1710033658,
        "narHash": "sha256-yiZiVKP5Ya813iYLho2+CcFuuHpaqKc/CoxOlANKcqM=",
        "owner": "NixOS",
        "repo": "nixpkgs",
        "rev": "b17375d3bb7c79ffc52f3538028b2ec06eb79ef8",
        "type": "github"
      },
      "original": {
        "owner": "NixOS",
        "ref": "release-23.11",
        "repo": "nixpkgs",
        "type": "github"
      }
    },
    "nixpkgs_2": {
      "locked": {
        "lastModified": 1709968316,
        "narHash": "sha256-4rZEtEDT6jcgRaqxsatBeds7x1PoEiEjb6QNGb4mNrk=",
        "owner": "NixOS",
        "repo": "nixpkgs",
        "rev": "0e7f98a5f30166cbed344569426850b21e4091d4",
        "type": "github"
      },
      "original": {
        "owner": "NixOS",
        "ref": "nixpkgs-unstable",
        "repo": "nixpkgs",
        "type": "github"
      }
    },
    "root": {
      "inputs": {
        "disko": "disko",
        "impermanence": "impermanence",
        "nixos-generators": "nixos-generators",
        "nixpkgs": "nixpkgs",
        "nixpkgs-stable": "nixpkgs-stable",
        "sops-nix": "sops-nix"
      }
    },
    "sops-nix": {
      "inputs": {
        "nixpkgs": "nixpkgs_2",
        "nixpkgs-stable": "nixpkgs-stable_2"
      },
      "locked": {
        "lastModified": 1710195194,
        "narHash": "sha256-KFxCJp0T6TJOz1IOKlpRdpsCr9xsvlVuWY/VCiAFnTE=",
        "owner": "Mic92",
        "repo": "sops-nix",
        "rev": "e52d8117b330f690382f1d16d81ae43daeb4b880",
        "type": "github"
      },
      "original": {
        "owner": "Mic92",
        "repo": "sops-nix",
        "type": "github"
      }
    }
  },
  "root": "root",
  "version": 7
}
